{
    "_readme": [
        "This file locks the dependencies of your project to a known state",
        "Read more about it at https://getcomposer.org/doc/01-basic-usage.md#installing-dependencies",
        "This file is @generated automatically"
    ],
    "content-hash": "97a060aa7d232f2ab564abdfd065500a",
    "packages": [
        {
            "name": "hi/helpers",
            "version": "dev-main",
            "source": {
                "type": "git",
                "url": "https://github.com/hi-frameork/helpers.git",
                "reference": "394ec77b7079af7f7ee5ed97226efbd2def527ad"
            },
            "dist": {
                "type": "zip",
                "url": "https://api.github.com/repos/hi-frameork/helpers/zipball/394ec77b7079af7f7ee5ed97226efbd2def527ad",
                "reference": "394ec77b7079af7f7ee5ed97226efbd2def527ad",
                "shasum": "",
                "mirrors": [
                    {
                        "url": "https://mirrors.aliyun.com/composer/dists/%package%/%reference%.%type%",
                        "preferred": true
                    }
                ]
            },
            "require": {
                "php": ">=7.2"
            },
            "default-branch": true,
            "type": "library",
            "autoload": {
                "psr-4": {
                    "Hi\\Helpers\\": "src/"
                },
                "files": [
                    "functions.php"
                ]
            },
            "notification-url": "https://packagist.org/downloads/",
            "license": [
                "MIT"
            ],
            "authors": [
                {
                    "name": "热心网友",
                    "email": "anoxia@engineer.com"
                }
            ],
            "description": "Hi 框架 Helper 组件",
            "keywords": [
                "hi",
                "hi-framework"
            ],
            "support": {
                "issues": "https://github.com/hi-frameork/helpers/issues",
                "source": "https://github.com/hi-frameork/helpers/tree/main"
            },
            "time": "2021-03-05T20:04:45+00:00"
        },
        {
            "name": "hi/server",
            "version": "dev-main",
            "source": {
                "type": "git",
                "url": "https://github.com/hi-frameork/server.git",
                "reference": "8f4ead46f350471c28438ca161770d3d75152986"
            },
            "dist": {
                "type": "zip",
                "url": "https://api.github.com/repos/hi-frameork/server/zipball/8f4ead46f350471c28438ca161770d3d75152986",
                "reference": "8f4ead46f350471c28438ca161770d3d75152986",
                "shasum": "",
                "mirrors": [
                    {
                        "url": "https://mirrors.aliyun.com/composer/dists/%package%/%reference%.%type%",
                        "preferred": true
                    }
                ]
            },
            "require": {
                "php": ">=7.2"
            },
            "require-dev": {
                "codeception/codeception": "^4.1",
                "codeception/module-asserts": "^1.0.0",
                "codeception/module-phpbrowser": "^1.0.0",
                "phpstan/phpstan": "^0.12",
                "phpunit/phpunit": "^8.5",
                "swoole/ide-helper": "^4.6",
                "workerman/workerman": "^4.0"
            },
            "suggest": {
                "ext-swoole": "使用 Swoole 获取更高性能",
                "workerman/workerman": "以 Workerman 作为运行容器，提升服务性能"
            },
            "default-branch": true,
            "type": "library",
            "autoload": {
                "psr-4": {
                    "Hi\\Server\\": "src/"
                }
            },
            "notification-url": "https://packagist.org/downloads/",
            "license": [
                "MIT"
            ],
            "authors": [
                {
                    "name": "热心网友",
                    "email": "anoxia@engineer.com"
                }
            ],
            "description": "Hi 框架 Server 组件",
            "support": {
                "issues": "https://github.com/hi-frameork/server/issues",
                "source": "https://github.com/hi-frameork/server/tree/main"
            },
            "time": "2021-03-11T10:51:03+00:00"
        },
        {
            "name": "psr/http-message",
            "version": "1.0.1",
            "source": {
                "type": "git",
                "url": "https://github.com/php-fig/http-message.git",
                "reference": "f6561bf28d520154e4b0ec72be95418abe6d9363"
            },
            "dist": {
                "type": "zip",
                "url": "https://api.github.com/repos/php-fig/http-message/zipball/f6561bf28d520154e4b0ec72be95418abe6d9363",
                "reference": "f6561bf28d520154e4b0ec72be95418abe6d9363",
                "shasum": "",
                "mirrors": [
                    {
                        "url": "https://mirrors.aliyun.com/composer/dists/%package%/%reference%.%type%",
                        "preferred": true
                    }
                ]
            },
            "require": {
                "php": ">=5.3.0"
            },
            "type": "library",
            "extra": {
                "branch-alias": {
                    "dev-master": "1.0.x-dev"
                }
            },
            "autoload": {
                "psr-4": {
                    "Psr\\Http\\Message\\": "src/"
                }
            },
            "notification-url": "https://packagist.org/downloads/",
            "license": [
                "MIT"
            ],
            "authors": [
                {
                    "name": "PHP-FIG",
                    "homepage": "http://www.php-fig.org/"
                }
            ],
            "description": "Common interface for HTTP messages",
            "homepage": "https://github.com/php-fig/http-message",
            "keywords": [
                "http",
                "http-message",
                "psr",
                "psr-7",
                "request",
                "response"
            ],
            "support": {
                "source": "https://github.com/php-fig/http-message/tree/master"
            },
            "time": "2016-08-06T14:39:51+00:00"
        }
    ],
    "packages-dev": [
        {
            "name": "swoole/ide-helper",
            "version": "4.6.3",
            "source": {
                "type": "git",
                "url": "https://github.com/swoole/ide-helper.git",
                "reference": "3292fef367a340ffd7b55ec806184d2268379d4a"
            },
            "dist": {
                "type": "zip",
                "url": "https://api.github.com/repos/swoole/ide-helper/zipball/3292fef367a340ffd7b55ec806184d2268379d4a",
                "reference": "3292fef367a340ffd7b55ec806184d2268379d4a",
                "shasum": "",
                "mirrors": [
                    {
                        "url": "https://mirrors.aliyun.com/composer/dists/%package%/%reference%.%type%",
                        "preferred": true
                    }
                ]
            },
            "require-dev": {
                "guzzlehttp/guzzle": "~6.5.0",
                "laminas/laminas-code": "~3.4.0",
                "squizlabs/php_codesniffer": "~3.5.0",
                "symfony/filesystem": "~4.0"
            },
            "type": "library",
            "notification-url": "https://packagist.org/downloads/",
            "license": [
                "Apache-2.0"
            ],
            "authors": [
                {
                    "name": "Team Swoole",
                    "email": "team@swoole.com"
                }
            ],
            "description": "IDE help files for Swoole.",
            "support": {
                "issues": "https://github.com/swoole/ide-helper/issues",
                "source": "https://github.com/swoole/ide-helper/tree/4.6.3"
            },
            "time": "2021-02-09T23:28:35+00:00"
        },
        {
            "name": "workerman/workerman",
            "version": "v4.0.19",
            "source": {
                "type": "git",
                "url": "https://github.com/walkor/Workerman.git",
                "reference": "af6025976fba817eeb4d5fbf8d0c1059a5819da3"
            },
            "dist": {
                "type": "zip",
                "url": "https://api.github.com/repos/walkor/Workerman/zipball/af6025976fba817eeb4d5fbf8d0c1059a5819da3",
                "reference": "af6025976fba817eeb4d5fbf8d0c1059a5819da3",
                "shasum": "",
                "mirrors": [
                    {
                        "url": "https://mirrors.aliyun.com/composer/dists/%package%/%reference%.%type%",
                        "preferred": true
                    }
                ]
            },
            "require": {
                "php": ">=5.3"
            },
            "suggest": {
                "ext-event": "For better performance. "
            },
            "type": "library",
            "autoload": {
                "psr-4": {
                    "Workerman\\": "./"
                }
            },
            "notification-url": "https://packagist.org/downloads/",
            "license": [
                "MIT"
            ],
            "authors": [
                {
                    "name": "walkor",
                    "email": "walkor@workerman.net",
                    "homepage": "http://www.workerman.net",
                    "role": "Developer"
                }
            ],
            "description": "An asynchronous event driven PHP framework for easily building fast, scalable network applications.",
            "homepage": "http://www.workerman.net",
            "keywords": [
                "asynchronous",
                "event-loop"
            ],
            "support": {
                "email": "walkor@workerman.net",
                "forum": "http://wenda.workerman.net/",
                "issues": "https://github.com/walkor/workerman/issues",
                "source": "https://github.com/walkor/workerman",
                "wiki": "http://doc.workerman.net/"
            },
            "time": "2021-03-05T06:44:28+00:00"
        }
    ],
    "aliases": [],
    "minimum-stability": "stable",
    "stability-flags": {
        "hi/helpers": 20,
        "hi/server": 20
    },
    "prefer-stable": false,
    "prefer-lowest": false,
    "platform": {
        "php": ">=7.2"
    },
    "platform-dev": [],
    "plugin-api-version": "2.0.0"
}
